speakeasyVersion: 1.606.0
sources:
    FastAPI:
        sourceNamespace: fast-api
        sourceRevisionDigest: sha256:5772c64236cbc1d9c2a20573faf2057c841b20f30bc1894e620c30ad527f2060
        sourceBlobDigest: sha256:1ab952950af4cdbccb747d11b116747f35687d8e5c70e1721a8a37fee406246b
        tags:
            - latest
            - main
            - 2.0.0
targets:
    opper:
        source: FastAPI
        sourceNamespace: fast-api
        sourceRevisionDigest: sha256:5772c64236cbc1d9c2a20573faf2057c841b20f30bc1894e620c30ad527f2060
        sourceBlobDigest: sha256:1ab952950af4cdbccb747d11b116747f35687d8e5c70e1721a8a37fee406246b
        codeSamplesNamespace: fast-api-python-code-samples
        codeSamplesRevisionDigest: sha256:c56fdf07a23106556ee939b20c73a212e38095cb90318cee6ff8601988a59869
workflow:
    workflowVersion: 1.0.0
    speakeasyVersion: latest
    sources:
        FastAPI:
            inputs:
                - location: https://api.opper.ai/v2/openapi.json
            overlays:
                - location: .speakeasy/speakeasy-modifications-overlay.yaml
            registry:
                location: registry.speakeasyapi.dev/opper/opper/fast-api
    targets:
        opper:
            target: python
            source: FastAPI
            codeSamples:
                registry:
                    location: registry.speakeasyapi.dev/opper/opper/fast-api-python-code-samples
                labelOverride:
                    fixedValue: Python (SDK)
                blocking: false
