speakeasyVersion: 1.575.5
sources:
    FastAPI:
        sourceNamespace: fast-api
        sourceRevisionDigest: sha256:63b8a0a9fd668930e18a39dd7a6a07096eaf239ec8de3261ce5f63be0d738d5b
        sourceBlobDigest: sha256:09b34eee642f8cfbf6fb4a52e8742b21c44f03d0362ce50720500808275137fb
        tags:
            - latest
            - main
            - 2.0.0
targets:
    opper:
        source: FastAPI
        sourceNamespace: fast-api
        sourceRevisionDigest: sha256:63b8a0a9fd668930e18a39dd7a6a07096eaf239ec8de3261ce5f63be0d738d5b
        sourceBlobDigest: sha256:09b34eee642f8cfbf6fb4a52e8742b21c44f03d0362ce50720500808275137fb
        codeSamplesNamespace: fast-api-python-code-samples
        codeSamplesRevisionDigest: sha256:85168f966be32fb0b2f38deb7b85e28b3717c359e84117210979af971e17ecef
workflow:
    workflowVersion: 1.0.0
    speakeasyVersion: latest
    sources:
        FastAPI:
            inputs:
                - location: https://api.opper.ai/v2/openapi.json
            overlays:
                - location: .speakeasy/speakeasy-modifications-overlay.yaml
            registry:
                location: registry.speakeasyapi.dev/opper/opper/fast-api
    targets:
        opper:
            target: python
            source: FastAPI
            codeSamples:
                registry:
                    location: registry.speakeasyapi.dev/opper/opper/fast-api-python-code-samples
                labelOverride:
                    fixedValue: Python (SDK)
                blocking: false
