speakeasyVersion: 1.635.1
sources:
    FastAPI:
        sourceNamespace: fast-api
        sourceRevisionDigest: sha256:ff0cd89b7ab617d8c619b615017f9711be1be2578358b9670994d82fc4204a3b
        sourceBlobDigest: sha256:9916f8da9a98f5bca1f009c69d20e12551da49abb560ff86e194cbd44817a2f6
        tags:
            - latest
            - main
            - 2.0.0
targets:
    opper:
        source: FastAPI
        sourceNamespace: fast-api
        sourceRevisionDigest: sha256:ff0cd89b7ab617d8c619b615017f9711be1be2578358b9670994d82fc4204a3b
        sourceBlobDigest: sha256:9916f8da9a98f5bca1f009c69d20e12551da49abb560ff86e194cbd44817a2f6
        codeSamplesNamespace: fast-api-python-code-samples
        codeSamplesRevisionDigest: sha256:e532b01f440cf513db80c3a9adb0a8fd613bf977cc55ac404e535dd92faab776
workflow:
    workflowVersion: 1.0.0
    speakeasyVersion: latest
    sources:
        FastAPI:
            inputs:
                - location: https://api.opper.ai/v2/openapi.json
            overlays:
                - location: .speakeasy/speakeasy-modifications-overlay.yaml
            registry:
                location: registry.speakeasyapi.dev/opper/opper/fast-api
    targets:
        opper:
            target: python
            source: FastAPI
            codeSamples:
                registry:
                    location: registry.speakeasyapi.dev/opper/opper/fast-api-python-code-samples
                labelOverride:
                    fixedValue: Python (SDK)
                blocking: false
